<?xml version="1.0" encoding="utf-8"?>
<Project ToolsVersion="4.0" xmlns="http://schemas.microsoft.com/developer/msbuild/2003">
  <ItemGroup>
    <Filter Include="소스 파일">
      <UniqueIdentifier>{4FC737F1-C7A5-4376-A066-2A32D752A2FF}</UniqueIdentifier>
      <Extensions>cpp;c;cc;cxx;c++;cppm;ixx;def;odl;idl;hpj;bat;asm;asmx</Extensions>
    </Filter>
    <Filter Include="소스 파일\Headers">
      <UniqueIdentifier>{cbf3bb31-95cd-44a1-9ee3-7bd04f8c36e1}</UniqueIdentifier>
    </Filter>
    <Filter Include="소스 파일\Main">
      <UniqueIdentifier>{f1a0700d-abac-4a53-8e89-ea7c9939edd5}</UniqueIdentifier>
    </Filter>
    <Filter Include="소스 파일\Debug">
      <UniqueIdentifier>{5079c090-85a5-4754-836d-115c0ac839f5}</UniqueIdentifier>
    </Filter>
    <Filter Include="소스 파일\Managers">
      <UniqueIdentifier>{7d65597b-0d6d-4daa-83d7-aab372ba0c1e}</UniqueIdentifier>
    </Filter>
  </ItemGroup>
  <ItemGroup>
    <ClCompile Include="pch.cpp">
      <Filter>소스 파일\Headers</Filter>
    </ClCompile>
    <ClCompile Include="main.cpp">
      <Filter>소스 파일\Main</Filter>
    </ClCompile>
    <ClCompile Include="CVLogger.cpp">
      <Filter>소스 파일\Debug</Filter>
    </ClCompile>
    <ClCompile Include="CVProfiler.cpp">
      <Filter>소스 파일\Debug</Filter>
    </ClCompile>
    <ClCompile Include="InputManager.cpp">
      <Filter>소스 파일\Managers</Filter>
    </ClCompile>
  </ItemGroup>
  <ItemGroup>
    <ClInclude Include="pch.h">
      <Filter>소스 파일\Headers</Filter>
    </ClInclude>
    <ClInclude Include="Types.h">
      <Filter>소스 파일\Headers</Filter>
    </ClInclude>
    <ClInclude Include="CVLogger.h">
      <Filter>소스 파일\Debug</Filter>
    </ClInclude>
    <ClInclude Include="CVProfiler.h">
      <Filter>소스 파일\Debug</Filter>
    </ClInclude>
    <ClInclude Include="Defines.h">
      <Filter>소스 파일\Headers</Filter>
    </ClInclude>
    <ClInclude Include="InputManager.h">
      <Filter>소스 파일\Managers</Filter>
    </ClInclude>
  </ItemGroup>
</Project>